
Microsoft Visual Studio Solution File, Format Version 12.00
# Visual Studio Version 17
VisualStudioVersion = 17.3.32825.248
MinimumVisualStudioVersion = 10.0.40219.1
Project("{9A19103F-16F7-4668-BE54-9A1E7A4F7556}") = "Bumbodium.WebApp", "Bumbodium\Bumbodium.WebApp.csproj", "{7D50FDBA-1798-4436-9420-170ECF7D75E2}"
EndProject
Project("{9A19103F-16F7-4668-BE54-9A1E7A4F7556}") = "Bumbodium.Data", "Bumbodium.Data\Bumbodium.Data.csproj", "{B9080F82-C3D5-44CD-8C32-680BE96F8154}"
EndProject
Project("{9A19103F-16F7-4668-BE54-9A1E7A4F7556}") = "BumBodium.BusinessLayer", "BumBodium.BusinessLayer\BumBodium.BusinessLayer.csproj", "{8A5880DA-93D3-4848-8069-B71C6E65618D}"
EndProject
Global
	GlobalSection(SolutionConfigurationPlatforms) = preSolution
		Debug|Any CPU = Debug|Any CPU
		Release|Any CPU = Release|Any CPU
	EndGlobalSection
	GlobalSection(ProjectConfigurationPlatforms) = postSolution
		{7D50FDBA-1798-4436-9420-170ECF7D75E2}.Debug|Any CPU.ActiveCfg = Debug|Any CPU
		{7D50FDBA-1798-4436-9420-170ECF7D75E2}.Debug|Any CPU.Build.0 = Debug|Any CPU
		{7D50FDBA-1798-4436-9420-170ECF7D75E2}.Release|Any CPU.ActiveCfg = Release|Any CPU
		{7D50FDBA-1798-4436-9420-170ECF7D75E2}.Release|Any CPU.Build.0 = Release|Any CPU
		{B9080F82-C3D5-44CD-8C32-680BE96F8154}.Debug|Any CPU.ActiveCfg = Debug|Any CPU
		{B9080F82-C3D5-44CD-8C32-680BE96F8154}.Debug|Any CPU.Build.0 = Debug|Any CPU
		{B9080F82-C3D5-44CD-8C32-680BE96F8154}.Release|Any CPU.ActiveCfg = Release|Any CPU
		{B9080F82-C3D5-44CD-8C32-680BE96F8154}.Release|Any CPU.Build.0 = Release|Any CPU
		{8A5880DA-93D3-4848-8069-B71C6E65618D}.Debug|Any CPU.ActiveCfg = Debug|Any CPU
		{8A5880DA-93D3-4848-8069-B71C6E65618D}.Debug|Any CPU.Build.0 = Debug|Any CPU
		{8A5880DA-93D3-4848-8069-B71C6E65618D}.Release|Any CPU.ActiveCfg = Release|Any CPU
		{8A5880DA-93D3-4848-8069-B71C6E65618D}.Release|Any CPU.Build.0 = Release|Any CPU
	EndGlobalSection
	GlobalSection(SolutionProperties) = preSolution
		HideSolutionNode = FALSE
	EndGlobalSection
	GlobalSection(ExtensibilityGlobals) = postSolution
		SolutionGuid = {779D8E77-E556-480F-B38A-C4C801CF5F02}
	EndGlobalSection
EndGlobal
